
Microsoft Visual Studio Solution File, Format Version 12.00
# Visual Studio Version 16
VisualStudioVersion = 16.0.32901.82
MinimumVisualStudioVersion = 10.0.40219.1
Project("{FAE04EC0-301F-11D3-BF4B-00C04F79EFBC}") = "Exercice10", "Exercice10\Exercice10.csproj", "{8729108B-2167-4574-BABD-6C9BBF7F9022}"
EndProject
Global
	GlobalSection(SolutionConfigurationPlatforms) = preSolution
		Debug|Any CPU = Debug|Any CPU
		Release|Any CPU = Release|Any CPU
	EndGlobalSection
	GlobalSection(ProjectConfigurationPlatforms) = postSolution
		{8729108B-2167-4574-BABD-6C9BBF7F9022}.Debug|Any CPU.ActiveCfg = Debug|Any CPU
		{8729108B-2167-4574-BABD-6C9BBF7F9022}.Debug|Any CPU.Build.0 = Debug|Any CPU
		{8729108B-2167-4574-BABD-6C9BBF7F9022}.Release|Any CPU.ActiveCfg = Release|Any CPU
		{8729108B-2167-4574-BABD-6C9BBF7F9022}.Release|Any CPU.Build.0 = Release|Any CPU
	EndGlobalSection
	GlobalSection(SolutionProperties) = preSolution
		HideSolutionNode = FALSE
	EndGlobalSection
	GlobalSection(ExtensibilityGlobals) = postSolution
		SolutionGuid = {395199E6-FF1C-47EC-A044-19FA6B8A609D}
	EndGlobalSection
EndGlobal
