
Microsoft Visual Studio Solution File, Format Version 12.00
# Visual Studio Version 16
VisualStudioVersion = 16.0.32901.82
MinimumVisualStudioVersion = 10.0.40219.1
Project("{FAE04EC0-301F-11D3-BF4B-00C04F79EFBC}") = "Exercice8", "Exercice8\Exercice8.csproj", "{7E787571-28DC-41A3-80CF-F9201844268C}"
EndProject
Global
	GlobalSection(SolutionConfigurationPlatforms) = preSolution
		Debug|Any CPU = Debug|Any CPU
		Release|Any CPU = Release|Any CPU
	EndGlobalSection
	GlobalSection(ProjectConfigurationPlatforms) = postSolution
		{7E787571-28DC-41A3-80CF-F9201844268C}.Debug|Any CPU.ActiveCfg = Debug|Any CPU
		{7E787571-28DC-41A3-80CF-F9201844268C}.Debug|Any CPU.Build.0 = Debug|Any CPU
		{7E787571-28DC-41A3-80CF-F9201844268C}.Release|Any CPU.ActiveCfg = Release|Any CPU
		{7E787571-28DC-41A3-80CF-F9201844268C}.Release|Any CPU.Build.0 = Release|Any CPU
	EndGlobalSection
	GlobalSection(SolutionProperties) = preSolution
		HideSolutionNode = FALSE
	EndGlobalSection
	GlobalSection(ExtensibilityGlobals) = postSolution
		SolutionGuid = {E6E09A19-D10A-452B-A242-E22F25660D8A}
	EndGlobalSection
EndGlobal
