
Microsoft Visual Studio Solution File, Format Version 12.00
# Visual Studio Version 16
VisualStudioVersion = 16.0.32901.82
MinimumVisualStudioVersion = 10.0.40219.1
Project("{FAE04EC0-301F-11D3-BF4B-00C04F79EFBC}") = "Exo_saisie_ops", "Exo_saisie_ops\Exo_saisie_ops.csproj", "{6075B754-160B-48DB-AAB8-3D43846C121F}"
EndProject
Global
	GlobalSection(SolutionConfigurationPlatforms) = preSolution
		Debug|Any CPU = Debug|Any CPU
		Release|Any CPU = Release|Any CPU
	EndGlobalSection
	GlobalSection(ProjectConfigurationPlatforms) = postSolution
		{6075B754-160B-48DB-AAB8-3D43846C121F}.Debug|Any CPU.ActiveCfg = Debug|Any CPU
		{6075B754-160B-48DB-AAB8-3D43846C121F}.Debug|Any CPU.Build.0 = Debug|Any CPU
		{6075B754-160B-48DB-AAB8-3D43846C121F}.Release|Any CPU.ActiveCfg = Release|Any CPU
		{6075B754-160B-48DB-AAB8-3D43846C121F}.Release|Any CPU.Build.0 = Release|Any CPU
	EndGlobalSection
	GlobalSection(SolutionProperties) = preSolution
		HideSolutionNode = FALSE
	EndGlobalSection
	GlobalSection(ExtensibilityGlobals) = postSolution
		SolutionGuid = {2B44AEE0-3437-4B9E-8908-AC3BD22BAE78}
	EndGlobalSection
EndGlobal
