
Microsoft Visual Studio Solution File, Format Version 12.00
# Visual Studio Version 16
VisualStudioVersion = 16.0.32901.82
MinimumVisualStudioVersion = 10.0.40219.1
Project("{FAE04EC0-301F-11D3-BF4B-00C04F79EFBC}") = "Exercice_Age", "Exercice_Age\Exercice_Age.csproj", "{7B1C2274-2C0B-417C-96EE-232C2E182FA1}"
EndProject
Global
	GlobalSection(SolutionConfigurationPlatforms) = preSolution
		Debug|Any CPU = Debug|Any CPU
		Release|Any CPU = Release|Any CPU
	EndGlobalSection
	GlobalSection(ProjectConfigurationPlatforms) = postSolution
		{7B1C2274-2C0B-417C-96EE-232C2E182FA1}.Debug|Any CPU.ActiveCfg = Debug|Any CPU
		{7B1C2274-2C0B-417C-96EE-232C2E182FA1}.Debug|Any CPU.Build.0 = Debug|Any CPU
		{7B1C2274-2C0B-417C-96EE-232C2E182FA1}.Release|Any CPU.ActiveCfg = Release|Any CPU
		{7B1C2274-2C0B-417C-96EE-232C2E182FA1}.Release|Any CPU.Build.0 = Release|Any CPU
	EndGlobalSection
	GlobalSection(SolutionProperties) = preSolution
		HideSolutionNode = FALSE
	EndGlobalSection
	GlobalSection(ExtensibilityGlobals) = postSolution
		SolutionGuid = {CB92AEDD-DDCA-40F1-8237-301D400C66EF}
	EndGlobalSection
EndGlobal
