
Microsoft Visual Studio Solution File, Format Version 12.00
# Visual Studio Version 16
VisualStudioVersion = 16.0.33130.400
MinimumVisualStudioVersion = 10.0.40219.1
Project("{FAE04EC0-301F-11D3-BF4B-00C04F79EFBC}") = "testsUnitaires", "testsUnitaires\testsUnitaires.csproj", "{6069BFCB-68F3-4434-BFDC-F29D4BB7730E}"
EndProject
Project("{FAE04EC0-301F-11D3-BF4B-00C04F79EFBC}") = "UnitTest", "UnitTest\UnitTest.csproj", "{0BAA3606-7EFB-4654-9CFB-16DEF57FE064}"
EndProject
Global
	GlobalSection(SolutionConfigurationPlatforms) = preSolution
		Debug|Any CPU = Debug|Any CPU
		Release|Any CPU = Release|Any CPU
	EndGlobalSection
	GlobalSection(ProjectConfigurationPlatforms) = postSolution
		{6069BFCB-68F3-4434-BFDC-F29D4BB7730E}.Debug|Any CPU.ActiveCfg = Debug|Any CPU
		{6069BFCB-68F3-4434-BFDC-F29D4BB7730E}.Debug|Any CPU.Build.0 = Debug|Any CPU
		{6069BFCB-68F3-4434-BFDC-F29D4BB7730E}.Release|Any CPU.ActiveCfg = Release|Any CPU
		{6069BFCB-68F3-4434-BFDC-F29D4BB7730E}.Release|Any CPU.Build.0 = Release|Any CPU
		{0BAA3606-7EFB-4654-9CFB-16DEF57FE064}.Debug|Any CPU.ActiveCfg = Debug|Any CPU
		{0BAA3606-7EFB-4654-9CFB-16DEF57FE064}.Debug|Any CPU.Build.0 = Debug|Any CPU
		{0BAA3606-7EFB-4654-9CFB-16DEF57FE064}.Release|Any CPU.ActiveCfg = Release|Any CPU
		{0BAA3606-7EFB-4654-9CFB-16DEF57FE064}.Release|Any CPU.Build.0 = Release|Any CPU
	EndGlobalSection
	GlobalSection(SolutionProperties) = preSolution
		HideSolutionNode = FALSE
	EndGlobalSection
	GlobalSection(ExtensibilityGlobals) = postSolution
		SolutionGuid = {8DA239E9-54C3-431E-A43B-8DD6AE56FDAB}
	EndGlobalSection
EndGlobal
