
Microsoft Visual Studio Solution File, Format Version 12.00
# Visual Studio Version 16
VisualStudioVersion = 16.0.32901.82
MinimumVisualStudioVersion = 10.0.40219.1
Project("{FAE04EC0-301F-11D3-BF4B-00C04F79EFBC}") = "Exercice1", "Exercice1\Exercice1.csproj", "{9E7604B0-B4D3-4BFC-86FC-F0CDEA9CAF50}"
EndProject
Global
	GlobalSection(SolutionConfigurationPlatforms) = preSolution
		Debug|Any CPU = Debug|Any CPU
		Release|Any CPU = Release|Any CPU
	EndGlobalSection
	GlobalSection(ProjectConfigurationPlatforms) = postSolution
		{9E7604B0-B4D3-4BFC-86FC-F0CDEA9CAF50}.Debug|Any CPU.ActiveCfg = Debug|Any CPU
		{9E7604B0-B4D3-4BFC-86FC-F0CDEA9CAF50}.Debug|Any CPU.Build.0 = Debug|Any CPU
		{9E7604B0-B4D3-4BFC-86FC-F0CDEA9CAF50}.Release|Any CPU.ActiveCfg = Release|Any CPU
		{9E7604B0-B4D3-4BFC-86FC-F0CDEA9CAF50}.Release|Any CPU.Build.0 = Release|Any CPU
	EndGlobalSection
	GlobalSection(SolutionProperties) = preSolution
		HideSolutionNode = FALSE
	EndGlobalSection
	GlobalSection(ExtensibilityGlobals) = postSolution
		SolutionGuid = {4525532F-B0A1-427F-BD7A-B8FBFCCE7662}
	EndGlobalSection
EndGlobal
