
Microsoft Visual Studio Solution File, Format Version 12.00
# Visual Studio Version 16
VisualStudioVersion = 16.0.32901.82
MinimumVisualStudioVersion = 10.0.40219.1
Project("{FAE04EC0-301F-11D3-BF4B-00C04F79EFBC}") = "Exercice12", "Exercice12\Exercice12.csproj", "{8A0273FC-6E73-400E-AD95-B782F2688964}"
EndProject
Global
	GlobalSection(SolutionConfigurationPlatforms) = preSolution
		Debug|Any CPU = Debug|Any CPU
		Release|Any CPU = Release|Any CPU
	EndGlobalSection
	GlobalSection(ProjectConfigurationPlatforms) = postSolution
		{8A0273FC-6E73-400E-AD95-B782F2688964}.Debug|Any CPU.ActiveCfg = Debug|Any CPU
		{8A0273FC-6E73-400E-AD95-B782F2688964}.Debug|Any CPU.Build.0 = Debug|Any CPU
		{8A0273FC-6E73-400E-AD95-B782F2688964}.Release|Any CPU.ActiveCfg = Release|Any CPU
		{8A0273FC-6E73-400E-AD95-B782F2688964}.Release|Any CPU.Build.0 = Release|Any CPU
	EndGlobalSection
	GlobalSection(SolutionProperties) = preSolution
		HideSolutionNode = FALSE
	EndGlobalSection
	GlobalSection(ExtensibilityGlobals) = postSolution
		SolutionGuid = {FD82ACE6-32DD-42FC-B568-C3CB9A692AC8}
	EndGlobalSection
EndGlobal
