
Microsoft Visual Studio Solution File, Format Version 12.00
# Visual Studio Version 16
VisualStudioVersion = 16.0.32106.194
MinimumVisualStudioVersion = 10.0.40219.1
Project("{FAE04EC0-301F-11D3-BF4B-00C04F79EFBC}") = "CrudProduitsProgression", "CrudProduitsProgression\CrudProduitsProgression.csproj", "{B62DD5A6-23C7-47C4-B1B2-4A03A3377765}"
EndProject
Global
	GlobalSection(SolutionConfigurationPlatforms) = preSolution
		Debug|Any CPU = Debug|Any CPU
		Release|Any CPU = Release|Any CPU
	EndGlobalSection
	GlobalSection(ProjectConfigurationPlatforms) = postSolution
		{B62DD5A6-23C7-47C4-B1B2-4A03A3377765}.Debug|Any CPU.ActiveCfg = Debug|Any CPU
		{B62DD5A6-23C7-47C4-B1B2-4A03A3377765}.Debug|Any CPU.Build.0 = Debug|Any CPU
		{B62DD5A6-23C7-47C4-B1B2-4A03A3377765}.Release|Any CPU.ActiveCfg = Release|Any CPU
		{B62DD5A6-23C7-47C4-B1B2-4A03A3377765}.Release|Any CPU.Build.0 = Release|Any CPU
	EndGlobalSection
	GlobalSection(SolutionProperties) = preSolution
		HideSolutionNode = FALSE
	EndGlobalSection
	GlobalSection(ExtensibilityGlobals) = postSolution
		SolutionGuid = {F3F10A6A-AE89-4A80-8B6B-FA92F5119A2C}
	EndGlobalSection
EndGlobal
