
Microsoft Visual Studio Solution File, Format Version 12.00
# Visual Studio Version 16
VisualStudioVersion = 16.0.32901.82
MinimumVisualStudioVersion = 10.0.40219.1
Project("{FAE04EC0-301F-11D3-BF4B-00C04F79EFBC}") = "EntityApiDeuxTables", "EntityApiDeuxTables\EntityApiDeuxTables.csproj", "{9DD7EAD9-8722-4F09-9C43-A2891727467F}"
EndProject
Global
	GlobalSection(SolutionConfigurationPlatforms) = preSolution
		Debug|Any CPU = Debug|Any CPU
		Release|Any CPU = Release|Any CPU
	EndGlobalSection
	GlobalSection(ProjectConfigurationPlatforms) = postSolution
		{9DD7EAD9-8722-4F09-9C43-A2891727467F}.Debug|Any CPU.ActiveCfg = Debug|Any CPU
		{9DD7EAD9-8722-4F09-9C43-A2891727467F}.Debug|Any CPU.Build.0 = Debug|Any CPU
		{9DD7EAD9-8722-4F09-9C43-A2891727467F}.Release|Any CPU.ActiveCfg = Release|Any CPU
		{9DD7EAD9-8722-4F09-9C43-A2891727467F}.Release|Any CPU.Build.0 = Release|Any CPU
	EndGlobalSection
	GlobalSection(SolutionProperties) = preSolution
		HideSolutionNode = FALSE
	EndGlobalSection
	GlobalSection(ExtensibilityGlobals) = postSolution
		SolutionGuid = {83454218-9469-422F-892C-47262C1C810B}
	EndGlobalSection
EndGlobal
