
Microsoft Visual Studio Solution File, Format Version 12.00
# Visual Studio Version 16
VisualStudioVersion = 16.0.32901.82
MinimumVisualStudioVersion = 10.0.40219.1
Project("{FAE04EC0-301F-11D3-BF4B-00C04F79EFBC}") = "Exercice_employes", "Exercice_employes\Exercice_employes.csproj", "{3C4642C6-518F-4BA7-811B-5D5B0449754A}"
EndProject
Global
	GlobalSection(SolutionConfigurationPlatforms) = preSolution
		Debug|Any CPU = Debug|Any CPU
		Release|Any CPU = Release|Any CPU
	EndGlobalSection
	GlobalSection(ProjectConfigurationPlatforms) = postSolution
		{3C4642C6-518F-4BA7-811B-5D5B0449754A}.Debug|Any CPU.ActiveCfg = Debug|Any CPU
		{3C4642C6-518F-4BA7-811B-5D5B0449754A}.Debug|Any CPU.Build.0 = Debug|Any CPU
		{3C4642C6-518F-4BA7-811B-5D5B0449754A}.Release|Any CPU.ActiveCfg = Release|Any CPU
		{3C4642C6-518F-4BA7-811B-5D5B0449754A}.Release|Any CPU.Build.0 = Release|Any CPU
	EndGlobalSection
	GlobalSection(SolutionProperties) = preSolution
		HideSolutionNode = FALSE
	EndGlobalSection
	GlobalSection(ExtensibilityGlobals) = postSolution
		SolutionGuid = {55C8321A-F5AE-4083-B4E2-1693F1FBD772}
	EndGlobalSection
EndGlobal
