
Microsoft Visual Studio Solution File, Format Version 12.00
# Visual Studio Version 16
VisualStudioVersion = 16.0.32901.82
MinimumVisualStudioVersion = 10.0.40219.1
Project("{FAE04EC0-301F-11D3-BF4B-00C04F79EFBC}") = "Exercice2", "Exercice2\Exercice2.csproj", "{4559902D-28BD-4BF7-9F1E-14EB3CC386D5}"
EndProject
Global
	GlobalSection(SolutionConfigurationPlatforms) = preSolution
		Debug|Any CPU = Debug|Any CPU
		Release|Any CPU = Release|Any CPU
	EndGlobalSection
	GlobalSection(ProjectConfigurationPlatforms) = postSolution
		{4559902D-28BD-4BF7-9F1E-14EB3CC386D5}.Debug|Any CPU.ActiveCfg = Debug|Any CPU
		{4559902D-28BD-4BF7-9F1E-14EB3CC386D5}.Debug|Any CPU.Build.0 = Debug|Any CPU
		{4559902D-28BD-4BF7-9F1E-14EB3CC386D5}.Release|Any CPU.ActiveCfg = Release|Any CPU
		{4559902D-28BD-4BF7-9F1E-14EB3CC386D5}.Release|Any CPU.Build.0 = Release|Any CPU
	EndGlobalSection
	GlobalSection(SolutionProperties) = preSolution
		HideSolutionNode = FALSE
	EndGlobalSection
	GlobalSection(ExtensibilityGlobals) = postSolution
		SolutionGuid = {B4A3C360-809D-4CAA-BDDB-67DBB33C2AAC}
	EndGlobalSection
EndGlobal
